
Microsoft Visual Studio Solution File, Format Version 12.00
# Visual Studio Version 16
VisualStudioVersion = 16.0.29905.134
MinimumVisualStudioVersion = 10.0.40219.1
Project("{2150E333-8FDC-42A3-9474-1A3956D46DE8}") = "Solution Items", "Solution Items", "{912C1145-D007-4F9B-9194-12F3B0CE0D39}"
	ProjectSection(SolutionItems) = preProject
		.dockerignore = .dockerignore
		.gitignore = .gitignore
		CHANGELOG.md = CHANGELOG.md
		Dockerfile = Dockerfile
		README.md = README.md
	EndProjectSection
EndProject
Project("{9A19103F-16F7-4668-BE54-9A1E7A4F7556}") = "SituationOperator", "SituationOperator\SituationOperator.csproj", "{FF63E2D3-E6BF-43EA-A560-910A3E897FD0}"
EndProject
Project("{9A19103F-16F7-4668-BE54-9A1E7A4F7556}") = "SituationDatabase", "SituationDatabase\SituationDatabase.csproj", "{72D8E1D8-F35A-4DB5-9BB2-3B3931AF21DD}"
EndProject
Project("{9A19103F-16F7-4668-BE54-9A1E7A4F7556}") = "RabbitCommunicationLib", "RabbitCommunicationLib\RabbitCommunicationLib.csproj", "{F7E6F22A-29CC-4A96-9247-524BCF48C9B3}"
EndProject
Project("{9A19103F-16F7-4668-BE54-9A1E7A4F7556}") = "ZoneReader", "zonereader\ZoneReader\ZoneReader.csproj", "{D8822C75-6D4C-4F3C-BD1B-6EEF0760BD72}"
EndProject
Project("{9A19103F-16F7-4668-BE54-9A1E7A4F7556}") = "EquipmentLib", "EquipmentLib\EquipmentLib\EquipmentLib.csproj", "{19495419-91F4-4D93-A798-E490348B8C62}"
EndProject
Project("{9A19103F-16F7-4668-BE54-9A1E7A4F7556}") = "SituationOperatorTestProject", "SituationOperatorTestProject\SituationOperatorTestProject.csproj", "{6D52FDB9-0382-4D03-8D76-A1870D5DEB8A}"
EndProject
Project("{9A19103F-16F7-4668-BE54-9A1E7A4F7556}") = "MatchEntities", "matchentities\MatchEntities\MatchEntities.csproj", "{B283E1F7-086C-4E0D-BB00-8E29BE32C293}"
EndProject
Global
	GlobalSection(SolutionConfigurationPlatforms) = preSolution
		Debug|Any CPU = Debug|Any CPU
		Release|Any CPU = Release|Any CPU
	EndGlobalSection
	GlobalSection(ProjectConfigurationPlatforms) = postSolution
		{FF63E2D3-E6BF-43EA-A560-910A3E897FD0}.Debug|Any CPU.ActiveCfg = Debug|Any CPU
		{FF63E2D3-E6BF-43EA-A560-910A3E897FD0}.Debug|Any CPU.Build.0 = Debug|Any CPU
		{FF63E2D3-E6BF-43EA-A560-910A3E897FD0}.Release|Any CPU.ActiveCfg = Release|Any CPU
		{FF63E2D3-E6BF-43EA-A560-910A3E897FD0}.Release|Any CPU.Build.0 = Release|Any CPU
		{72D8E1D8-F35A-4DB5-9BB2-3B3931AF21DD}.Debug|Any CPU.ActiveCfg = Debug|Any CPU
		{72D8E1D8-F35A-4DB5-9BB2-3B3931AF21DD}.Debug|Any CPU.Build.0 = Debug|Any CPU
		{72D8E1D8-F35A-4DB5-9BB2-3B3931AF21DD}.Release|Any CPU.ActiveCfg = Release|Any CPU
		{72D8E1D8-F35A-4DB5-9BB2-3B3931AF21DD}.Release|Any CPU.Build.0 = Release|Any CPU
		{F7E6F22A-29CC-4A96-9247-524BCF48C9B3}.Debug|Any CPU.ActiveCfg = Debug|Any CPU
		{F7E6F22A-29CC-4A96-9247-524BCF48C9B3}.Debug|Any CPU.Build.0 = Debug|Any CPU
		{F7E6F22A-29CC-4A96-9247-524BCF48C9B3}.Release|Any CPU.ActiveCfg = Release|Any CPU
		{F7E6F22A-29CC-4A96-9247-524BCF48C9B3}.Release|Any CPU.Build.0 = Release|Any CPU
		{D8822C75-6D4C-4F3C-BD1B-6EEF0760BD72}.Debug|Any CPU.ActiveCfg = Debug|Any CPU
		{D8822C75-6D4C-4F3C-BD1B-6EEF0760BD72}.Debug|Any CPU.Build.0 = Debug|Any CPU
		{D8822C75-6D4C-4F3C-BD1B-6EEF0760BD72}.Release|Any CPU.ActiveCfg = Release|Any CPU
		{D8822C75-6D4C-4F3C-BD1B-6EEF0760BD72}.Release|Any CPU.Build.0 = Release|Any CPU
		{19495419-91F4-4D93-A798-E490348B8C62}.Debug|Any CPU.ActiveCfg = Debug|Any CPU
		{19495419-91F4-4D93-A798-E490348B8C62}.Debug|Any CPU.Build.0 = Debug|Any CPU
		{19495419-91F4-4D93-A798-E490348B8C62}.Release|Any CPU.ActiveCfg = Release|Any CPU
		{19495419-91F4-4D93-A798-E490348B8C62}.Release|Any CPU.Build.0 = Release|Any CPU
		{6D52FDB9-0382-4D03-8D76-A1870D5DEB8A}.Debug|Any CPU.ActiveCfg = Debug|Any CPU
		{6D52FDB9-0382-4D03-8D76-A1870D5DEB8A}.Debug|Any CPU.Build.0 = Debug|Any CPU
		{6D52FDB9-0382-4D03-8D76-A1870D5DEB8A}.Release|Any CPU.ActiveCfg = Release|Any CPU
		{6D52FDB9-0382-4D03-8D76-A1870D5DEB8A}.Release|Any CPU.Build.0 = Release|Any CPU
		{B283E1F7-086C-4E0D-BB00-8E29BE32C293}.Debug|Any CPU.ActiveCfg = Debug|Any CPU
		{B283E1F7-086C-4E0D-BB00-8E29BE32C293}.Debug|Any CPU.Build.0 = Debug|Any CPU
		{B283E1F7-086C-4E0D-BB00-8E29BE32C293}.Release|Any CPU.ActiveCfg = Release|Any CPU
		{B283E1F7-086C-4E0D-BB00-8E29BE32C293}.Release|Any CPU.Build.0 = Release|Any CPU
	EndGlobalSection
	GlobalSection(SolutionProperties) = preSolution
		HideSolutionNode = FALSE
	EndGlobalSection
	GlobalSection(ExtensibilityGlobals) = postSolution
		SolutionGuid = {89A05BE4-C2F5-4991-834C-46B1789CDF1D}
	EndGlobalSection
EndGlobal
